
Microsoft Visual Studio Solution File, Format Version 12.00
# Visual Studio Version 17
VisualStudioVersion = 17.10.35122.118
MinimumVisualStudioVersion = 10.0.40219.1
Project("{FAE04EC0-301F-11D3-BF4B-00C04F79EFBC}") = "openai-api-interactor", "openai-api-interactor\openai-api-interactor.csproj", "{EAF68CD9-B7C4-4EA3-B7F7-3B7489A28A7F}"
EndProject
Global
	GlobalSection(SolutionConfigurationPlatforms) = preSolution
		Debug|Any CPU = Debug|Any CPU
		Release|Any CPU = Release|Any CPU
	EndGlobalSection
	GlobalSection(ProjectConfigurationPlatforms) = postSolution
		{EAF68CD9-B7C4-4EA3-B7F7-3B7489A28A7F}.Debug|Any CPU.ActiveCfg = Debug|Any CPU
		{EAF68CD9-B7C4-4EA3-B7F7-3B7489A28A7F}.Debug|Any CPU.Build.0 = Debug|Any CPU
		{EAF68CD9-B7C4-4EA3-B7F7-3B7489A28A7F}.Release|Any CPU.ActiveCfg = Release|Any CPU
		{EAF68CD9-B7C4-4EA3-B7F7-3B7489A28A7F}.Release|Any CPU.Build.0 = Release|Any CPU
	EndGlobalSection
	GlobalSection(SolutionProperties) = preSolution
		HideSolutionNode = FALSE
	EndGlobalSection
	GlobalSection(ExtensibilityGlobals) = postSolution
		SolutionGuid = {0B919FF4-1A81-475A-8BEE-F8D04BA64FA4}
	EndGlobalSection
EndGlobal
